Microsoft Visual Studio Solution File, Format Version 11.00
# Visual Studio 2008

Project("{74AC7460-8670-B9BB-656A-8714FC426175}") = "Roadblock", "Assembly-CSharp.csproj", "{52056865-D703-B616-70AE-E7077CADA12A}"
EndProject
Project("{74AC7460-8670-B9BB-656A-8714FC426175}") = "Roadblock", "Assembly-UnityScript.unityproj", "{7E39C2BD-CA70-4F68-9CF4-4EC54AA915F1}"
EndProject
Global
	GlobalSection(SolutionConfigurationPlatforms) = preSolution
		Debug|Any CPU = Debug|Any CPU
		Release|Any CPU = Release|Any CPU
	EndGlobalSection
	GlobalSection(ProjectConfigurationPlatforms) = postSolution
		{52056865-D703-B616-70AE-E7077CADA12A}.Debug|Any CPU.ActiveCfg = Debug|Any CPU
		{52056865-D703-B616-70AE-E7077CADA12A}.Debug|Any CPU.Build.0 = Debug|Any CPU
		{52056865-D703-B616-70AE-E7077CADA12A}.Release|Any CPU.ActiveCfg = Release|Any CPU
		{52056865-D703-B616-70AE-E7077CADA12A}.Release|Any CPU.Build.0 = Release|Any CPU
		{7E39C2BD-CA70-4F68-9CF4-4EC54AA915F1}.Debug|Any CPU.ActiveCfg = Debug|Any CPU
		{7E39C2BD-CA70-4F68-9CF4-4EC54AA915F1}.Debug|Any CPU.Build.0 = Debug|Any CPU
		{7E39C2BD-CA70-4F68-9CF4-4EC54AA915F1}.Release|Any CPU.ActiveCfg = Release|Any CPU
		{7E39C2BD-CA70-4F68-9CF4-4EC54AA915F1}.Release|Any CPU.Build.0 = Release|Any CPU
	EndGlobalSection
	GlobalSection(SolutionProperties) = preSolution
		HideSolutionNode = FALSE
	EndGlobalSection
														GlobalSection(MonoDevelopProperties) = preSolution
		StartupItem = Assembly-CSharp.csproj
		Policies = $0
		$0.TextStylePolicy = $1
		$1.inheritsSet = null
		$1.scope = text/x-csharp
		$0.CSharpFormattingPolicy = $2
		$2.inheritsSet = Mono
		$2.inheritsScope = text/x-csharp
		$2.scope = text/x-csharp
		$0.TextStylePolicy = $3
		$3.FileWidth = 120
		$3.TabWidth = 4
		$3.EolMarker = Unix
		$3.inheritsSet = Mono
		$3.inheritsScope = text/plain
		$3.scope = text/plain
	EndGlobalSection

EndGlobal
